
Microsoft Visual Studio Solution File, Format Version 12.00
# Visual Studio Version 17
VisualStudioVersion = 17.3.32811.315
MinimumVisualStudioVersion = 10.0.40219.1
Project("{E24C65DC-7377-472B-9ABA-BC803B73C61A}") = "App", "App\", "{871F84EA-5E91-49B0-9379-BE3CC8F0514D}"
	ProjectSection(WebsiteProperties) = preProject
		UseIISExpress = "true"
		TargetFrameworkMoniker = ".NETFramework,Version%3Dv4.8"
		Debug.AspNetCompiler.VirtualPath = "/localhost_57899"
		Debug.AspNetCompiler.PhysicalPath = "App\"
		Debug.AspNetCompiler.TargetPath = "PrecompiledWeb\localhost_57899\"
		Debug.AspNetCompiler.Updateable = "true"
		Debug.AspNetCompiler.ForceOverwrite = "true"
		Debug.AspNetCompiler.FixedNames = "false"
		Debug.AspNetCompiler.Debug = "True"
		Release.AspNetCompiler.VirtualPath = "/localhost_57899"
		Release.AspNetCompiler.PhysicalPath = "App\"
		Release.AspNetCompiler.TargetPath = "PrecompiledWeb\localhost_57899\"
		Release.AspNetCompiler.Updateable = "true"
		Release.AspNetCompiler.ForceOverwrite = "true"
		Release.AspNetCompiler.FixedNames = "false"
		Release.AspNetCompiler.Debug = "False"
		VWDPort = "53632"
		SlnRelativePath = "App\"
	EndProjectSection
EndProject
Project("{2150E333-8FDC-42A3-9474-1A3956D46DE8}") = "Solution Items", "Solution Items", "{E7542BCA-2081-45AC-8AF3-E2B409A6106E}"
EndProject
Global
	GlobalSection(SolutionConfigurationPlatforms) = preSolution
		Debug|Any CPU = Debug|Any CPU
		Release|Any CPU = Release|Any CPU
	EndGlobalSection
	GlobalSection(ProjectConfigurationPlatforms) = postSolution
		{871F84EA-5E91-49B0-9379-BE3CC8F0514D}.Debug|Any CPU.ActiveCfg = Debug|Any CPU
		{871F84EA-5E91-49B0-9379-BE3CC8F0514D}.Debug|Any CPU.Build.0 = Debug|Any CPU
		{871F84EA-5E91-49B0-9379-BE3CC8F0514D}.Release|Any CPU.ActiveCfg = Debug|Any CPU
		{871F84EA-5E91-49B0-9379-BE3CC8F0514D}.Release|Any CPU.Build.0 = Debug|Any CPU
	EndGlobalSection
	GlobalSection(SolutionProperties) = preSolution
		HideSolutionNode = FALSE
	EndGlobalSection
	GlobalSection(ExtensibilityGlobals) = postSolution
		SolutionGuid = {7A5A584B-209B-46D8-9F82-E009ABB22049}
	EndGlobalSection
EndGlobal
